
Microsoft Visual Studio Solution File, Format Version 12.00
# Visual Studio Version 17
VisualStudioVersion = 17.6.33815.320
MinimumVisualStudioVersion = 10.0.40219.1
Project("{888888A0-9F3D-457C-B088-3A5042F75D52}") = "Chiasm Test", "Chiasm Test\Chiasm Test.pyproj", "{C6C9BAB3-9FA8-475D-B530-F7FFB6C88840}"
EndProject
Global
	GlobalSection(SolutionConfigurationPlatforms) = preSolution
		Debug|Any CPU = Debug|Any CPU
		Release|Any CPU = Release|Any CPU
	EndGlobalSection
	GlobalSection(ProjectConfigurationPlatforms) = postSolution
		{C6C9BAB3-9FA8-475D-B530-F7FFB6C88840}.Debug|Any CPU.ActiveCfg = Debug|Any CPU
		{C6C9BAB3-9FA8-475D-B530-F7FFB6C88840}.Release|Any CPU.ActiveCfg = Release|Any CPU
	EndGlobalSection
	GlobalSection(SolutionProperties) = preSolution
		HideSolutionNode = FALSE
	EndGlobalSection
	GlobalSection(ExtensibilityGlobals) = postSolution
		SolutionGuid = {B9B94F4A-A2E4-4FB7-82E6-604AC81AFFC0}
	EndGlobalSection
EndGlobal
